<?xml version="1.0" encoding="UTF-8" standalone="yes" ?>
<CodeBlocks_project_file>
   <FileVersion major="1" minor="6" />
   <Project>
      <Option title="cmake-test" />
      <Option makefile_is_custom="1" />
      <Option compiler="gcc" />
      <Option virtualFolders="CMake Files\;" />
      <Build>
      <Target title="all">
         <Option working_dir="D:/work/apps/mc-assistant/embedded/cmake-test-build" />
         <Option type="4" />
         <MakeCommands>
            <Build command="C:/PROGRA~1/MINGW-~1/X86_64~1.2-W/mingw64/bin/mingw32-make.exe -f &quot;D:/work/apps/mc-assistant/embedded/cmake-test-build/Makefile&quot;  VERBOSE=1 all" />
            <CompileFile command="C:/PROGRA~1/MINGW-~1/X86_64~1.2-W/mingw64/bin/mingw32-make.exe -f &quot;D:/work/apps/mc-assistant/embedded/cmake-test-build/Makefile&quot;  VERBOSE=1 &quot;$file&quot;" />
            <Clean command="C:/PROGRA~1/MINGW-~1/X86_64~1.2-W/mingw64/bin/mingw32-make.exe -f &quot;D:/work/apps/mc-assistant/embedded/cmake-test-build/Makefile&quot;  VERBOSE=1 clean" />
            <DistClean command="C:/PROGRA~1/MINGW-~1/X86_64~1.2-W/mingw64/bin/mingw32-make.exe -f &quot;D:/work/apps/mc-assistant/embedded/cmake-test-build/Makefile&quot;  VERBOSE=1 clean" />
         </MakeCommands>
      </Target>
      <Target title="edit_cache">
         <Option working_dir="D:/work/apps/mc-assistant/embedded/cmake-test-build" />
         <Option type="4" />
         <MakeCommands>
            <Build command="C:/PROGRA~1/MINGW-~1/X86_64~1.2-W/mingw64/bin/mingw32-make.exe -f &quot;D:/work/apps/mc-assistant/embedded/cmake-test-build/Makefile&quot;  VERBOSE=1 edit_cache" />
            <CompileFile command="C:/PROGRA~1/MINGW-~1/X86_64~1.2-W/mingw64/bin/mingw32-make.exe -f &quot;D:/work/apps/mc-assistant/embedded/cmake-test-build/Makefile&quot;  VERBOSE=1 &quot;$file&quot;" />
            <Clean command="C:/PROGRA~1/MINGW-~1/X86_64~1.2-W/mingw64/bin/mingw32-make.exe -f &quot;D:/work/apps/mc-assistant/embedded/cmake-test-build/Makefile&quot;  VERBOSE=1 clean" />
            <DistClean command="C:/PROGRA~1/MINGW-~1/X86_64~1.2-W/mingw64/bin/mingw32-make.exe -f &quot;D:/work/apps/mc-assistant/embedded/cmake-test-build/Makefile&quot;  VERBOSE=1 clean" />
         </MakeCommands>
      </Target>
      <Target title="rebuild_cache">
         <Option working_dir="D:/work/apps/mc-assistant/embedded/cmake-test-build" />
         <Option type="4" />
         <MakeCommands>
            <Build command="C:/PROGRA~1/MINGW-~1/X86_64~1.2-W/mingw64/bin/mingw32-make.exe -f &quot;D:/work/apps/mc-assistant/embedded/cmake-test-build/Makefile&quot;  VERBOSE=1 rebuild_cache" />
            <CompileFile command="C:/PROGRA~1/MINGW-~1/X86_64~1.2-W/mingw64/bin/mingw32-make.exe -f &quot;D:/work/apps/mc-assistant/embedded/cmake-test-build/Makefile&quot;  VERBOSE=1 &quot;$file&quot;" />
            <Clean command="C:/PROGRA~1/MINGW-~1/X86_64~1.2-W/mingw64/bin/mingw32-make.exe -f &quot;D:/work/apps/mc-assistant/embedded/cmake-test-build/Makefile&quot;  VERBOSE=1 clean" />
            <DistClean command="C:/PROGRA~1/MINGW-~1/X86_64~1.2-W/mingw64/bin/mingw32-make.exe -f &quot;D:/work/apps/mc-assistant/embedded/cmake-test-build/Makefile&quot;  VERBOSE=1 clean" />
         </MakeCommands>
      </Target>
      <Target title="cmake-test">
         <Option output="D:/work/apps/mc-assistant/embedded/cmake-test-build/cmake-test.exe" prefix_auto="0" extension_auto="0" />
         <Option working_dir="D:/work/apps/mc-assistant/embedded/cmake-test-build" />
         <Option object_output="./" />
         <Option type="1" />
         <Option compiler="gcc" />
         <Compiler>
            <Add directory="C:/Program Files/mingw-w64/x86_64-4.9.2-win32-seh-rt_v3-rev0/mingw64/bin/../lib/gcc/x86_64-w64-mingw32/4.9.2/../../../../x86_64-w64-mingw32/include" />
            <Add directory="C:/Program Files/mingw-w64/x86_64-4.9.2-win32-seh-rt_v3-rev0/mingw64/bin/../lib/gcc/x86_64-w64-mingw32/4.9.2/include" />
            <Add directory="C:/Program Files/mingw-w64/x86_64-4.9.2-win32-seh-rt_v3-rev0/mingw64/bin/../lib/gcc/x86_64-w64-mingw32/4.9.2/include-fixed" />
            <Add directory="C:/Program Files/mingw-w64/x86_64-4.9.2-win32-seh-rt_v3-rev0/mingw64/lib/gcc/../../x86_64-w64-mingw32/include/c++" />
            <Add directory="C:/Program Files/mingw-w64/x86_64-4.9.2-win32-seh-rt_v3-rev0/mingw64/lib/gcc/../../x86_64-w64-mingw32/include/c++/backward" />
            <Add directory="C:/Program Files/mingw-w64/x86_64-4.9.2-win32-seh-rt_v3-rev0/mingw64/lib/gcc/../../x86_64-w64-mingw32/include/c++/x86_64-w64-mingw32" />
         </Compiler>
         <MakeCommands>
            <Build command="C:/PROGRA~1/MINGW-~1/X86_64~1.2-W/mingw64/bin/mingw32-make.exe -f &quot;D:/work/apps/mc-assistant/embedded/cmake-test-build/Makefile&quot;  VERBOSE=1 cmake-test" />
            <CompileFile command="C:/PROGRA~1/MINGW-~1/X86_64~1.2-W/mingw64/bin/mingw32-make.exe -f &quot;D:/work/apps/mc-assistant/embedded/cmake-test-build/Makefile&quot;  VERBOSE=1 &quot;$file&quot;" />
            <Clean command="C:/PROGRA~1/MINGW-~1/X86_64~1.2-W/mingw64/bin/mingw32-make.exe -f &quot;D:/work/apps/mc-assistant/embedded/cmake-test-build/Makefile&quot;  VERBOSE=1 clean" />
            <DistClean command="C:/PROGRA~1/MINGW-~1/X86_64~1.2-W/mingw64/bin/mingw32-make.exe -f &quot;D:/work/apps/mc-assistant/embedded/cmake-test-build/Makefile&quot;  VERBOSE=1 clean" />
         </MakeCommands>
      </Target>
      <Target title="cmake-test/fast">
         <Option output="D:/work/apps/mc-assistant/embedded/cmake-test-build/cmake-test.exe" prefix_auto="0" extension_auto="0" />
         <Option working_dir="D:/work/apps/mc-assistant/embedded/cmake-test-build" />
         <Option object_output="./" />
         <Option type="1" />
         <Option compiler="gcc" />
         <Compiler>
            <Add directory="C:/Program Files/mingw-w64/x86_64-4.9.2-win32-seh-rt_v3-rev0/mingw64/bin/../lib/gcc/x86_64-w64-mingw32/4.9.2/../../../../x86_64-w64-mingw32/include" />
            <Add directory="C:/Program Files/mingw-w64/x86_64-4.9.2-win32-seh-rt_v3-rev0/mingw64/bin/../lib/gcc/x86_64-w64-mingw32/4.9.2/include" />
            <Add directory="C:/Program Files/mingw-w64/x86_64-4.9.2-win32-seh-rt_v3-rev0/mingw64/bin/../lib/gcc/x86_64-w64-mingw32/4.9.2/include-fixed" />
            <Add directory="C:/Program Files/mingw-w64/x86_64-4.9.2-win32-seh-rt_v3-rev0/mingw64/lib/gcc/../../x86_64-w64-mingw32/include/c++" />
            <Add directory="C:/Program Files/mingw-w64/x86_64-4.9.2-win32-seh-rt_v3-rev0/mingw64/lib/gcc/../../x86_64-w64-mingw32/include/c++/backward" />
            <Add directory="C:/Program Files/mingw-w64/x86_64-4.9.2-win32-seh-rt_v3-rev0/mingw64/lib/gcc/../../x86_64-w64-mingw32/include/c++/x86_64-w64-mingw32" />
         </Compiler>
         <MakeCommands>
            <Build command="C:/PROGRA~1/MINGW-~1/X86_64~1.2-W/mingw64/bin/mingw32-make.exe -f &quot;D:/work/apps/mc-assistant/embedded/cmake-test-build/Makefile&quot;  VERBOSE=1 cmake-test/fast" />
            <CompileFile command="C:/PROGRA~1/MINGW-~1/X86_64~1.2-W/mingw64/bin/mingw32-make.exe -f &quot;D:/work/apps/mc-assistant/embedded/cmake-test-build/Makefile&quot;  VERBOSE=1 &quot;$file&quot;" />
            <Clean command="C:/PROGRA~1/MINGW-~1/X86_64~1.2-W/mingw64/bin/mingw32-make.exe -f &quot;D:/work/apps/mc-assistant/embedded/cmake-test-build/Makefile&quot;  VERBOSE=1 clean" />
            <DistClean command="C:/PROGRA~1/MINGW-~1/X86_64~1.2-W/mingw64/bin/mingw32-make.exe -f &quot;D:/work/apps/mc-assistant/embedded/cmake-test-build/Makefile&quot;  VERBOSE=1 clean" />
         </MakeCommands>
      </Target>
      </Build>
      <Unit filename="D:/work/apps/mc-assistant/embedded/cmake-test/main.c">
      </Unit>
      <Unit filename="D:/work/apps/mc-assistant/embedded/cmake-test/CMakeLists.txt">
          <Option virtualFolder="CMake Files\" />
      </Unit>
   </Project>
</CodeBlocks_project_file>
